
Microsoft Visual Studio Solution File, Format Version 10.00
# Visual C# Express 2008
Project("{FAE04EC0-301F-11D3-BF4B-00C04F79EFBC}") = "ForthInterpreter", "ForthInterpreter\ForthInterpreter.csproj", "{8F23DA2B-4295-43A9-9DC9-54856885F285}"
EndProject
Project("{FAE04EC0-301F-11D3-BF4B-00C04F79EFBC}") = "ForthInterpreterTests", "ForthInterpreterTests\ForthInterpreterTests.csproj", "{238EAD28-D251-478A-ACC6-6F3A04B0EF1A}"
EndProject
Global
	GlobalSection(SolutionConfigurationPlatforms) = preSolution
		Debug|Any CPU = Debug|Any CPU
		Release|Any CPU = Release|Any CPU
	EndGlobalSection
	GlobalSection(ProjectConfigurationPlatforms) = postSolution
		{8F23DA2B-4295-43A9-9DC9-54856885F285}.Debug|Any CPU.ActiveCfg = Debug|Any CPU
		{8F23DA2B-4295-43A9-9DC9-54856885F285}.Debug|Any CPU.Build.0 = Debug|Any CPU
		{8F23DA2B-4295-43A9-9DC9-54856885F285}.Release|Any CPU.ActiveCfg = Release|Any CPU
		{8F23DA2B-4295-43A9-9DC9-54856885F285}.Release|Any CPU.Build.0 = Release|Any CPU
		{238EAD28-D251-478A-ACC6-6F3A04B0EF1A}.Debug|Any CPU.ActiveCfg = Debug|Any CPU
		{238EAD28-D251-478A-ACC6-6F3A04B0EF1A}.Debug|Any CPU.Build.0 = Debug|Any CPU
		{238EAD28-D251-478A-ACC6-6F3A04B0EF1A}.Release|Any CPU.ActiveCfg = Release|Any CPU
		{238EAD28-D251-478A-ACC6-6F3A04B0EF1A}.Release|Any CPU.Build.0 = Release|Any CPU
	EndGlobalSection
	GlobalSection(SolutionProperties) = preSolution
		HideSolutionNode = FALSE
	EndGlobalSection
EndGlobal
